{
  "version": 4,
  "terraform_version": "1.15.8",
  "serial": 3,
  "lineage": "39afdd49-c4c8-edd7-3629-f8613e0d82f9",
  "outputs": {
    "file_path": {
      "value": "./greeting.txt",
      "type": "string"
    },
    "pet_name": {
      "value": "enough-rhino",
      "type": "string"
    }
  },
  "resources": [
    {
      "mode": "managed",
      "type": "local_file",
      "name": "greeting",
      "provider": "provider[\"registry.terraform.io/hashicorp/local\"]",
      "instances": [
        {
          "schema_version": 0,
          "attributes": {
            "content": "Hello from TerraWeek 2026! 🚀\nYour infra pet name is: enough-rhino\n",
            "content_base64": null,
            "content_base64sha256": "spIw/X75I4Id8abnCOoNL/JukdTb5uH8Ho2Fi+EA06U=",
            "content_base64sha512": "6OuxWyk/b/yrvSRZTq4omKypedBbH1BR/MFnyJyNTClGac4rfN3m5uzyb5Ik8rhOSp37mxH2JH/WtQuI8++hgQ==",
            "content_md5": "57652548827af3b0e97d0605748487be",
            "content_sha1": "90c80a4bd40da3e904ff78e5596041e7de5bfbd8",
            "content_sha256": "b29230fd7ef923821df1a6e708ea0d2ff26e91d4dbe6e1fc1e8d858be100d3a5",
            "content_sha512": "e8ebb15b293f6ffcabbd24594eae2898aca979d05b1f5051fcc167c89c8d4c294669ce2b7cdde6e6ecf26f9224f2b84e4a9dfb9b11f6247fd6b50b88f3efa181",
            "directory_permission": "0777",
            "file_permission": "0777",
            "filename": "./greeting.txt",
            "id": "90c80a4bd40da3e904ff78e5596041e7de5bfbd8",
            "sensitive_content": null,
            "source": null
          },
          "sensitive_attributes": [
            [
              {
                "type": "get_attr",
                "value": "sensitive_content"
              }
            ]
          ],
          "identity_schema_version": 0,
          "dependencies": [
            "random_pet.name"
          ]
        }
      ]
    },
    {
      "mode": "managed",
      "type": "random_pet",
      "name": "name",
      "provider": "provider[\"registry.terraform.io/hashicorp/random\"]",
      "instances": [
        {
          "schema_version": 0,
          "attributes": {
            "id": "enough-rhino",
            "keepers": null,
            "length": 2,
            "prefix": null,
            "separator": "-"
          },
          "sensitive_attributes": [],
          "identity_schema_version": 0
        }
      ]
    }
  ],
  "check_results": null
}
